
Microsoft Visual Studio Solution File, Format Version 12.00
# Visual Studio 2012
Project("{8BC9CEB8-8B4A-11D0-8D11-00A0C91BC942}") = "CreateProcessInsert", "CreateProcessInsert\CreateProcessInsert.vcxproj", "{D76E9202-FB6B-409D-887C-EE004F56F177}"
EndProject
Global
	GlobalSection(SolutionConfigurationPlatforms) = preSolution
		Debug|Win32 = Debug|Win32
		Release|Win32 = Release|Win32
	EndGlobalSection
	GlobalSection(ProjectConfigurationPlatforms) = postSolution
		{D76E9202-FB6B-409D-887C-EE004F56F177}.Debug|Win32.ActiveCfg = Debug|Win32
		{D76E9202-FB6B-409D-887C-EE004F56F177}.Debug|Win32.Build.0 = Debug|Win32
		{D76E9202-FB6B-409D-887C-EE004F56F177}.Release|Win32.ActiveCfg = Release|Win32
		{D76E9202-FB6B-409D-887C-EE004F56F177}.Release|Win32.Build.0 = Release|Win32
	EndGlobalSection
	GlobalSection(SolutionProperties) = preSolution
		HideSolutionNode = FALSE
	EndGlobalSection
EndGlobal
