
Microsoft Visual Studio Solution File, Format Version 12.00
# Visual Studio 2012
Project("{8BC9CEB8-8B4A-11D0-8D11-00A0C91BC942}") = "ImeDllLoader", "ImeDllLoader\ImeDllLoader.vcxproj", "{B161481C-02F4-4CC9-8657-CEA0ACCE715A}"
EndProject
Project("{8BC9CEB8-8B4A-11D0-8D11-00A0C91BC942}") = "ImeInject", "ImeInject\ImeInject.vcxproj", "{B0527FE5-3AB8-427C-AB39-242AD059989C}"
EndProject
Project("{8BC9CEB8-8B4A-11D0-8D11-00A0C91BC942}") = "InjectDll", "InjectDll\InjectDll.vcxproj", "{C202D2F4-3B56-461B-9B9F-279D1805E165}"
EndProject
Global
	GlobalSection(SolutionConfigurationPlatforms) = preSolution
		Debug|Win32 = Debug|Win32
		Release|Win32 = Release|Win32
		Template|Win32 = Template|Win32
	EndGlobalSection
	GlobalSection(ProjectConfigurationPlatforms) = postSolution
		{B161481C-02F4-4CC9-8657-CEA0ACCE715A}.Debug|Win32.ActiveCfg = Debug|Win32
		{B161481C-02F4-4CC9-8657-CEA0ACCE715A}.Debug|Win32.Build.0 = Debug|Win32
		{B161481C-02F4-4CC9-8657-CEA0ACCE715A}.Release|Win32.ActiveCfg = Release|Win32
		{B161481C-02F4-4CC9-8657-CEA0ACCE715A}.Release|Win32.Build.0 = Release|Win32
		{B161481C-02F4-4CC9-8657-CEA0ACCE715A}.Template|Win32.ActiveCfg = Release|Win32
		{B161481C-02F4-4CC9-8657-CEA0ACCE715A}.Template|Win32.Build.0 = Release|Win32
		{B0527FE5-3AB8-427C-AB39-242AD059989C}.Debug|Win32.ActiveCfg = Debug|Win32
		{B0527FE5-3AB8-427C-AB39-242AD059989C}.Debug|Win32.Build.0 = Debug|Win32
		{B0527FE5-3AB8-427C-AB39-242AD059989C}.Release|Win32.ActiveCfg = Release|Win32
		{B0527FE5-3AB8-427C-AB39-242AD059989C}.Release|Win32.Build.0 = Release|Win32
		{B0527FE5-3AB8-427C-AB39-242AD059989C}.Template|Win32.ActiveCfg = Template|Win32
		{B0527FE5-3AB8-427C-AB39-242AD059989C}.Template|Win32.Build.0 = Template|Win32
		{C202D2F4-3B56-461B-9B9F-279D1805E165}.Debug|Win32.ActiveCfg = Debug|Win32
		{C202D2F4-3B56-461B-9B9F-279D1805E165}.Debug|Win32.Build.0 = Debug|Win32
		{C202D2F4-3B56-461B-9B9F-279D1805E165}.Release|Win32.ActiveCfg = Release|Win32
		{C202D2F4-3B56-461B-9B9F-279D1805E165}.Release|Win32.Build.0 = Release|Win32
		{C202D2F4-3B56-461B-9B9F-279D1805E165}.Template|Win32.ActiveCfg = Template|Win32
		{C202D2F4-3B56-461B-9B9F-279D1805E165}.Template|Win32.Build.0 = Template|Win32
	EndGlobalSection
	GlobalSection(SolutionProperties) = preSolution
		HideSolutionNode = FALSE
	EndGlobalSection
EndGlobal
